// !$*UTF8*$!
{
	archiveVersion = 1;
	classes = {
	};
	objectVersion = 56;
	objects = {

/* Begin PBXBuildFile section */
		25E375EC2C34694100405436 /* ImagetoExcelApp.swift in Sources */ = {isa = PBXBuildFile; fileRef = 25E375EB2C34694100405436 /* ImagetoExcelApp.swift */; };
		25E375EE2C34694100405436 /* ContentView.swift in Sources */ = {isa = PBXBuildFile; fileRef = 25E375ED2C34694100405436 /* ContentView.swift */; };
		25E375F02C34694200405436 /* Assets.xcassets in Resources */ = {isa = PBXBuildFile; fileRef = 25E375EF2C34694200405436 /* Assets.xcassets */; };
		25E375F32C34694300405436 /* Preview Assets.xcassets in Resources */ = {isa = PBXBuildFile; fileRef = 25E375F22C34694300405436 /* Preview Assets.xcassets */; };
		25E375FD2C34694300405436 /* ImagetoExcelTests.swift in Sources */ = {isa = PBXBuildFile; fileRef = 25E375FC2C34694300405436 /* ImagetoExcelTests.swift */; };
		25E376072C34694300405436 /* ImagetoExcelUITests.swift in Sources */ = {isa = PBXBuildFile; fileRef = 25E376062C34694300405436 /* ImagetoExcelUITests.swift */; };
		25E376092C34694300405436 /* ImagetoExcelUITestsLaunchTests.swift in Sources */ = {isa = PBXBuildFile; fileRef = 25E376082C34694300405436 /* ImagetoExcelUITestsLaunchTests.swift */; };
		25E376162C3469C700405436 /* ImagePickerView.swift in Sources */ = {isa = PBXBuildFile; fileRef = 25E376152C3469C700405436 /* ImagePickerView.swift */; };
		25E376192C346B9A00405436 /* CoreXLSX in Frameworks */ = {isa = PBXBuildFile; productRef = 25E376182C346B9A00405436 /* CoreXLSX */; };
/* End PBXBuildFile section */

/* Begin PBXContainerItemProxy section */
		25E375F92C34694300405436 /* PBXContainerItemProxy */ = {
			isa = PBXContainerItemProxy;
			containerPortal = 25E375E02C34694100405436 /* Project object */;
			proxyType = 1;
			remoteGlobalIDString = 25E375E72C34694100405436;
			remoteInfo = ImagetoExcel;
		};
		25E376032C34694300405436 /* PBXContainerItemProxy */ = {
			isa = PBXContainerItemProxy;
			containerPortal = 25E375E02C34694100405436 /* Project object */;
			proxyType = 1;
			remoteGlobalIDString = 25E375E72C34694100405436;
			remoteInfo = ImagetoExcel;
		};
/* End PBXContainerItemProxy section */

/* Begin PBXFileReference section */
		25E375E82C34694100405436 /* ImagetoExcel.app */ = {isa = PBXFileReference; explicitFileType = wrapper.application; includeInIndex = 0; path = ImagetoExcel.app; sourceTree = BUILT_PRODUCTS_DIR; };
		25E375EB2C34694100405436 /* ImagetoExcelApp.swift */ = {isa = PBXFileReference; lastKnownFileType = sourcecode.swift; path = ImagetoExcelApp.swift; sourceTree = "<group>"; };
		25E375ED2C34694100405436 /* ContentView.swift */ = {isa = PBXFileReference; lastKnownFileType = sourcecode.swift; path = ContentView.swift; sourceTree = "<group>"; };
		25E375EF2C34694200405436 /* Assets.xcassets */ = {isa = PBXFileReference; lastKnownFileType = folder.assetcatalog; path = Assets.xcassets; sourceTree = "<group>"; };
		25E375F22C34694300405436 /* Preview Assets.xcassets */ = {isa = PBXFileReference; lastKnownFileType = folder.assetcatalog; path = "Preview Assets.xcassets"; sourceTree = "<group>"; };
		25E375F82C34694300405436 /* ImagetoExcelTests.xctest */ = {isa = PBXFileReference; explicitFileType = wrapper.cfbundle; includeInIndex = 0; path = ImagetoExcelTests.xctest; sourceTree = BUILT_PRODUCTS_DIR; };
		25E375FC2C34694300405436 /* ImagetoExcelTests.swift */ = {isa = PBXFileReference; lastKnownFileType = sourcecode.swift; path = ImagetoExcelTests.swift; sourceTree = "<group>"; };
		25E376022C34694300405436 /* ImagetoExcelUITests.xctest */ = {isa = PBXFileReference; explicitFileType = wrapper.cfbundle; includeInIndex = 0; path = ImagetoExcelUITests.xctest; sourceTree = BUILT_PRODUCTS_DIR; };
		25E376062C34694300405436 /* ImagetoExcelUITests.swift */ = {isa = PBXFileReference; lastKnownFileType = sourcecode.swift; path = ImagetoExcelUITests.swift; sourceTree = "<group>"; };
		25E376082C34694300405436 /* ImagetoExcelUITestsLaunchTests.swift */ = {isa = PBXFileReference; lastKnownFileType = sourcecode.swift; path = ImagetoExcelUITestsLaunchTests.swift; sourceTree = "<group>"; };
		25E376152C3469C700405436 /* ImagePickerView.swift */ = {isa = PBXFileReference; lastKnownFileType = sourcecode.swift; path = ImagePickerView.swift; sourceTree = "<group>"; };
		25E3761A2C347C7800405436 /* Info.xcprivacy */ = {isa = PBXFileReference; lastKnownFileType = text.xml; path = Info.xcprivacy; sourceTree = "<group>"; };
/* End PBXFileReference section */

/* Begin PBXFrameworksBuildPhase section */
		25E375E52C34694100405436 /* Frameworks */ = {
			isa = PBXFrameworksBuildPhase;
			buildActionMask = 2147483647;
			files = (
				25E376192C346B9A00405436 /* CoreXLSX in Frameworks */,
			);
			runOnlyForDeploymentPostprocessing = 0;
		};
		25E375F52C34694300405436 /* Frameworks */ = {
			isa = PBXFrameworksBuildPhase;
			buildActionMask = 2147483647;
			files = (
			);
			runOnlyForDeploymentPostprocessing = 0;
		};
		25E375FF2C34694300405436 /* Frameworks */ = {
			isa = PBXFrameworksBuildPhase;
			buildActionMask = 2147483647;
			files = (
			);
			runOnlyForDeploymentPostprocessing = 0;
		};
/* End PBXFrameworksBuildPhase section */

/* Begin PBXGroup section */
		25E375DF2C34694100405436 = {
			isa = PBXGroup;
			children = (
				25E375EA2C34694100405436 /* ImagetoExcel */,
				25E375FB2C34694300405436 /* ImagetoExcelTests */,
				25E376052C34694300405436 /* ImagetoExcelUITests */,
				25E375E92C34694100405436 /* Products */,
			);
			sourceTree = "<group>";
		};
		25E375E92C34694100405436 /* Products */ = {
			isa = PBXGroup;
			children = (
				25E375E82C34694100405436 /* ImagetoExcel.app */,
				25E375F82C34694300405436 /* ImagetoExcelTests.xctest */,
				25E376022C34694300405436 /* ImagetoExcelUITests.xctest */,
			);
			name = Products;
			sourceTree = "<group>";
		};
		25E375EA2C34694100405436 /* ImagetoExcel */ = {
			isa = PBXGroup;
			children = (
				25E3761A2C347C7800405436 /* Info.xcprivacy */,
				25E375EB2C34694100405436 /* ImagetoExcelApp.swift */,
				25E375ED2C34694100405436 /* ContentView.swift */,
				25E376152C3469C700405436 /* ImagePickerView.swift */,
				25E375EF2C34694200405436 /* Assets.xcassets */,
				25E375F12C34694300405436 /* Preview Content */,
			);
			path = ImagetoExcel;
			sourceTree = "<group>";
		};
		25E375F12C34694300405436 /* Preview Content */ = {
			isa = PBXGroup;
			children = (
				25E375F22C34694300405436 /* Preview Assets.xcassets */,
			);
			path = "Preview Content";
			sourceTree = "<group>";
		};
		25E375FB2C34694300405436 /* ImagetoExcelTests */ = {
			isa = PBXGroup;
			children = (
				25E375FC2C34694300405436 /* ImagetoExcelTests.swift */,
			);
			path = ImagetoExcelTests;
			sourceTree = "<group>";
		};
		25E376052C34694300405436 /* ImagetoExcelUITests */ = {
			isa = PBXGroup;
			children = (
				25E376062C34694300405436 /* ImagetoExcelUITests.swift */,
				25E376082C34694300405436 /* ImagetoExcelUITestsLaunchTests.swift */,
			);
			path = ImagetoExcelUITests;
			sourceTree = "<group>";
		};
/* End PBXGroup section */

/* Begin PBXNativeTarget section */
		25E375E72C34694100405436 /* ImagetoExcel */ = {
			isa = PBXNativeTarget;
			buildConfigurationList = 25E3760C2C34694300405436 /* Build configuration list for PBXNativeTarget "ImagetoExcel" */;
			buildPhases = (
				25E375E42C34694100405436 /* Sources */,
				25E375E52C34694100405436 /* Frameworks */,
				25E375E62C34694100405436 /* Resources */,
			);
			buildRules = (
			);
			dependencies = (
			);
			name = ImagetoExcel;
			packageProductDependencies = (
				25E376182C346B9A00405436 /* CoreXLSX */,
			);
			productName = ImagetoExcel;
			productReference = 25E375E82C34694100405436 /* ImagetoExcel.app */;
			productType = "com.apple.product-type.application";
		};
		25E375F72C34694300405436 /* ImagetoExcelTests */ = {
			isa = PBXNativeTarget;
			buildConfigurationList = 25E3760F2C34694300405436 /* Build configuration list for PBXNativeTarget "ImagetoExcelTests" */;
			buildPhases = (
				25E375F42C34694300405436 /* Sources */,
				25E375F52C34694300405436 /* Frameworks */,
				25E375F62C34694300405436 /* Resources */,
			);
			buildRules = (
			);
			dependencies = (
				25E375FA2C34694300405436 /* PBXTargetDependency */,
			);
			name = ImagetoExcelTests;
			productName = ImagetoExcelTests;
			productReference = 25E375F82C34694300405436 /* ImagetoExcelTests.xctest */;
			productType = "com.apple.product-type.bundle.unit-test";
		};
		25E376012C34694300405436 /* ImagetoExcelUITests */ = {
			isa = PBXNativeTarget;
			buildConfigurationList = 25E376122C34694300405436 /* Build configuration list for PBXNativeTarget "ImagetoExcelUITests" */;
			buildPhases = (
				25E375FE2C34694300405436 /* Sources */,
				25E375FF2C34694300405436 /* Frameworks */,
				25E376002C34694300405436 /* Resources */,
			);
			buildRules = (
			);
			dependencies = (
				25E376042C34694300405436 /* PBXTargetDependency */,
			);
			name = ImagetoExcelUITests;
			productName = ImagetoExcelUITests;
			productReference = 25E376022C34694300405436 /* ImagetoExcelUITests.xctest */;
			productType = "com.apple.product-type.bundle.ui-testing";
		};
/* End PBXNativeTarget section */

/* Begin PBXProject section */
		25E375E02C34694100405436 /* Project object */ = {
			isa = PBXProject;
			attributes = {
				BuildIndependentTargetsInParallel = 1;
				LastSwiftUpdateCheck = 1540;
				LastUpgradeCheck = 1540;
				TargetAttributes = {
					25E375E72C34694100405436 = {
						CreatedOnToolsVersion = 15.4;
					};
					25E375F72C34694300405436 = {
						CreatedOnToolsVersion = 15.4;
						TestTargetID = 25E375E72C34694100405436;
					};
					25E376012C34694300405436 = {
						CreatedOnToolsVersion = 15.4;
						TestTargetID = 25E375E72C34694100405436;
					};
				};
			};
			buildConfigurationList = 25E375E32C34694100405436 /* Build configuration list for PBXProject "ImagetoExcel" */;
			compatibilityVersion = "Xcode 14.0";
			developmentRegion = en;
			hasScannedForEncodings = 0;
			knownRegions = (
				en,
				Base,
			);
			mainGroup = 25E375DF2C34694100405436;
			packageReferences = (
				25E376172C346B9A00405436 /* XCRemoteSwiftPackageReference "CoreXLSX" */,
			);
			productRefGroup = 25E375E92C34694100405436 /* Products */;
			projectDirPath = "";
			projectRoot = "";
			targets = (
				25E375E72C34694100405436 /* ImagetoExcel */,
				25E375F72C34694300405436 /* ImagetoExcelTests */,
				25E376012C34694300405436 /* ImagetoExcelUITests */,
			);
		};
/* End PBXProject section */

/* Begin PBXResourcesBuildPhase section */
		25E375E62C34694100405436 /* Resources */ = {
			isa = PBXResourcesBuildPhase;
			buildActionMask = 2147483647;
			files = (
				25E375F32C34694300405436 /* Preview Assets.xcassets in Resources */,
				25E375F02C34694200405436 /* Assets.xcassets in Resources */,
			);
			runOnlyForDeploymentPostprocessing = 0;
		};
		25E375F62C34694300405436 /* Resources */ = {
			isa = PBXResourcesBuildPhase;
			buildActionMask = 2147483647;
			files = (
			);
			runOnlyForDeploymentPostprocessing = 0;
		};
		25E376002C34694300405436 /* Resources */ = {
			isa = PBXResourcesBuildPhase;
			buildActionMask = 2147483647;
			files = (
			);
			runOnlyForDeploymentPostprocessing = 0;
		};
/* End PBXResourcesBuildPhase section */

/* Begin PBXSourcesBuildPhase section */
		25E375E42C34694100405436 /* Sources */ = {
			isa = PBXSourcesBuildPhase;
			buildActionMask = 2147483647;
			files = (
				25E375EE2C34694100405436 /* ContentView.swift in Sources */,
				25E376162C3469C700405436 /* ImagePickerView.swift in Sources */,
				25E375EC2C34694100405436 /* ImagetoExcelApp.swift in Sources */,
			);
			runOnlyForDeploymentPostprocessing = 0;
		};
		25E375F42C34694300405436 /* Sources */ = {
			isa = PBXSourcesBuildPhase;
			buildActionMask = 2147483647;
			files = (
				25E375FD2C34694300405436 /* ImagetoExcelTests.swift in Sources */,
			);
			runOnlyForDeploymentPostprocessing = 0;
		};
		25E375FE2C34694300405436 /* Sources */ = {
			isa = PBXSourcesBuildPhase;
			buildActionMask = 2147483647;
			files = (
				25E376072C34694300405436 /* ImagetoExcelUITests.swift in Sources */,
				25E376092C34694300405436 /* ImagetoExcelUITestsLaunchTests.swift in Sources */,
			);
			runOnlyForDeploymentPostprocessing = 0;
		};
/* End PBXSourcesBuildPhase section */

/* Begin PBXTargetDependency section */
		25E375FA2C34694300405436 /* PBXTargetDependency */ = {
			isa = PBXTargetDependency;
			target = 25E375E72C34694100405436 /* ImagetoExcel */;
			targetProxy = 25E375F92C34694300405436 /* PBXContainerItemProxy */;
		};
		25E376042C34694300405436 /* PBXTargetDependency */ = {
			isa = PBXTargetDependency;
			target = 25E375E72C34694100405436 /* ImagetoExcel */;
			targetProxy = 25E376032C34694300405436 /* PBXContainerItemProxy */;
		};
/* End PBXTargetDependency section */

/* Begin XCBuildConfiguration section */
		25E3760A2C34694300405436 /* Debug */ = {
			isa = XCBuildConfiguration;
			buildSettings = {
				ALWAYS_SEARCH_USER_PATHS = NO;
				ASSETCATALOG_COMPILER_GENERATE_SWIFT_ASSET_SYMBOL_EXTENSIONS = YES;
				CLANG_ANALYZER_NONNULL = YES;
				CLANG_ANALYZER_NUMBER_OBJECT_CONVERSION = YES_AGGRESSIVE;
				CLANG_CXX_LANGUAGE_STANDARD = "gnu++20";
				CLANG_ENABLE_MODULES = YES;
				CLANG_ENABLE_OBJC_ARC = YES;
				CLANG_ENABLE_OBJC_WEAK = YES;
				CLANG_WARN_BLOCK_CAPTURE_AUTORELEASING = YES;
				CLANG_WARN_BOOL_CONVERSION = YES;
				CLANG_WARN_COMMA = YES;
				CLANG_WARN_CONSTANT_CONVERSION = YES;
				CLANG_WARN_DEPRECATED_OBJC_IMPLEMENTATIONS = YES;
				CLANG_WARN_DIRECT_OBJC_ISA_USAGE = YES_ERROR;
				CLANG_WARN_DOCUMENTATION_COMMENTS = YES;
				CLANG_WARN_EMPTY_BODY = YES;
				CLANG_WARN_ENUM_CONVERSION = YES;
				CLANG_WARN_INFINITE_RECURSION = YES;
				CLANG_WARN_INT_CONVERSION = YES;
				CLANG_WARN_NON_LITERAL_NULL_CONVERSION = YES;
				CLANG_WARN_OBJC_IMPLICIT_RETAIN_SELF = YES;
				CLANG_WARN_OBJC_LITERAL_CONVERSION = YES;
				CLANG_WARN_OBJC_ROOT_CLASS = YES_ERROR;
				CLANG_WARN_QUOTED_INCLUDE_IN_FRAMEWORK_HEADER = YES;
				CLANG_WARN_RANGE_LOOP_ANALYSIS = YES;
				CLANG_WARN_STRICT_PROTOTYPES = YES;
				CLANG_WARN_SUSPICIOUS_MOVE = YES;
				CLANG_WARN_UNGUARDED_AVAILABILITY = YES_AGGRESSIVE;
				CLANG_WARN_UNREACHABLE_CODE = YES;
				CLANG_WARN__DUPLICATE_METHOD_MATCH = YES;
				COPY_PHASE_STRIP = NO;
				DEBUG_INFORMATION_FORMAT = dwarf;
				ENABLE_STRICT_OBJC_MSGSEND = YES;
				ENABLE_TESTABILITY = YES;
				ENABLE_USER_SCRIPT_SANDBOXING = YES;
				GCC_C_LANGUAGE_STANDARD = gnu17;
				GCC_DYNAMIC_NO_PIC = NO;
				GCC_NO_COMMON_BLOCKS = YES;
				GCC_OPTIMIZATION_LEVEL = 0;
				GCC_PREPROCESSOR_DEFINITIONS = (
					"DEBUG=1",
					"$(inherited)",
				);
				GCC_WARN_64_TO_32_BIT_CONVERSION = YES;
				GCC_WARN_ABOUT_RETURN_TYPE = YES_ERROR;
				GCC_WARN_UNDECLARED_SELECTOR = YES;
				GCC_WARN_UNINITIALIZED_AUTOS = YES_AGGRESSIVE;
				GCC_WARN_UNUSED_FUNCTION = YES;
				GCC_WARN_UNUSED_VARIABLE = YES;
				IPHONEOS_DEPLOYMENT_TARGET = 17.5;
				LOCALIZATION_PREFERS_STRING_CATALOGS = YES;
				MTL_ENABLE_DEBUG_INFO = INCLUDE_SOURCE;
				MTL_FAST_MATH = YES;
				ONLY_ACTIVE_ARCH = YES;
				SDKROOT = iphoneos;
				SWIFT_ACTIVE_COMPILATION_CONDITIONS = "DEBUG $(inherited)";
				SWIFT_OPTIMIZATION_LEVEL = "-Onone";
			};
			name = Debug;
		};
		25E3760B2C34694300405436 /* Release */ = {
			isa = XCBuildConfiguration;
			buildSettings = {
				ALWAYS_SEARCH_USER_PATHS = NO;
				ASSETCATALOG_COMPILER_GENERATE_SWIFT_ASSET_SYMBOL_EXTENSIONS = YES;
				CLANG_ANALYZER_NONNULL = YES;
				CLANG_ANALYZER_NUMBER_OBJECT_CONVERSION = YES_AGGRESSIVE;
				CLANG_CXX_LANGUAGE_STANDARD = "gnu++20";
				CLANG_ENABLE_MODULES = YES;
				CLANG_ENABLE_OBJC_ARC = YES;
				CLANG_ENABLE_OBJC_WEAK = YES;
				CLANG_WARN_BLOCK_CAPTURE_AUTORELEASING = YES;
				CLANG_WARN_BOOL_CONVERSION = YES;
				CLANG_WARN_COMMA = YES;
				CLANG_WARN_CONSTANT_CONVERSION = YES;
				CLANG_WARN_DEPRECATED_OBJC_IMPLEMENTATIONS = YES;
				CLANG_WARN_DIRECT_OBJC_ISA_USAGE = YES_ERROR;
				CLANG_WARN_DOCUMENTATION_COMMENTS = YES;
				CLANG_WARN_EMPTY_BODY = YES;
				CLANG_WARN_ENUM_CONVERSION = YES;
				CLANG_WARN_INFINITE_RECURSION = YES;
				CLANG_WARN_INT_CONVERSION = YES;
				CLANG_WARN_NON_LITERAL_NULL_CONVERSION = YES;
				CLANG_WARN_OBJC_IMPLICIT_RETAIN_SELF = YES;
				CLANG_WARN_OBJC_LITERAL_CONVERSION = YES;
				CLANG_WARN_OBJC_ROOT_CLASS = YES_ERROR;
				CLANG_WARN_QUOTED_INCLUDE_IN_FRAMEWORK_HEADER = YES;
				CLANG_WARN_RANGE_LOOP_ANALYSIS = YES;
				CLANG_WARN_STRICT_PROTOTYPES = YES;
				CLANG_WARN_SUSPICIOUS_MOVE = YES;
				CLANG_WARN_UNGUARDED_AVAILABILITY = YES_AGGRESSIVE;
				CLANG_WARN_UNREACHABLE_CODE = YES;
				CLANG_WARN__DUPLICATE_METHOD_MATCH = YES;
				COPY_PHASE_STRIP = NO;
				DEBUG_INFORMATION_FORMAT = "dwarf-with-dsym";
				ENABLE_NS_ASSERTIONS = NO;
				ENABLE_STRICT_OBJC_MSGSEND = YES;
				ENABLE_USER_SCRIPT_SANDBOXING = YES;
				GCC_C_LANGUAGE_STANDARD = gnu17;
				GCC_NO_COMMON_BLOCKS = YES;
				GCC_WARN_64_TO_32_BIT_CONVERSION = YES;
				GCC_WARN_ABOUT_RETURN_TYPE = YES_ERROR;
				GCC_WARN_UNDECLARED_SELECTOR = YES;
				GCC_WARN_UNINITIALIZED_AUTOS = YES_AGGRESSIVE;
				GCC_WARN_UNUSED_FUNCTION = YES;
				GCC_WARN_UNUSED_VARIABLE = YES;
				IPHONEOS_DEPLOYMENT_TARGET = 17.5;
				LOCALIZATION_PREFERS_STRING_CATALOGS = YES;
				MTL_ENABLE_DEBUG_INFO = NO;
				MTL_FAST_MATH = YES;
				SDKROOT = iphoneos;
				SWIFT_COMPILATION_MODE = wholemodule;
				VALIDATE_PRODUCT = YES;
			};
			name = Release;
		};
		25E3760D2C34694300405436 /* Debug */ = {
			isa = XCBuildConfiguration;
			buildSettings = {
				ASSETCATALOG_COMPILER_APPICON_NAME = AppIcon;
				ASSETCATALOG_COMPILER_GLOBAL_ACCENT_COLOR_NAME = AccentColor;
				CODE_SIGN_STYLE = Automatic;
				CURRENT_PROJECT_VERSION = 1;
				DEVELOPMENT_ASSET_PATHS = "\"ImagetoExcel/Preview Content\"";
				DEVELOPMENT_TEAM = 3TH4J57XLT;
				ENABLE_PREVIEWS = YES;
				GENERATE_INFOPLIST_FILE = YES;
				INFOPLIST_KEY_UIApplicationSceneManifest_Generation = YES;
				INFOPLIST_KEY_UIApplicationSupportsIndirectInputEvents = YES;
				INFOPLIST_KEY_UILaunchScreen_Generation = YES;
				INFOPLIST_KEY_UISupportedInterfaceOrientations_iPad = "UIInterfaceOrientationPortrait UIInterfaceOrientationPortraitUpsideDown UIInterfaceOrientationLandscapeLeft UIInterfaceOrientationLandscapeRight";
				INFOPLIST_KEY_UISupportedInterfaceOrientations_iPhone = "UIInterfaceOrientationPortrait UIInterfaceOrientationLandscapeLeft UIInterfaceOrientationLandscapeRight";
				LD_RUNPATH_SEARCH_PATHS = (
					"$(inherited)",
					"@executable_path/Frameworks",
				);
				MARKETING_VERSION = 1.0;
				PRODUCT_BUNDLE_IDENTIFIER = nice.ImagetoExcel;
				PRODUCT_NAME = "$(TARGET_NAME)";
				SWIFT_EMIT_LOC_STRINGS = YES;
				SWIFT_VERSION = 5.0;
				TARGETED_DEVICE_FAMILY = "1,2";
			};
			name = Debug;
		};
		25E3760E2C34694300405436 /* Release */ = {
			isa = XCBuildConfiguration;
			buildSettings = {
				ASSETCATALOG_COMPILER_APPICON_NAME = AppIcon;
				ASSETCATALOG_COMPILER_GLOBAL_ACCENT_COLOR_NAME = AccentColor;
				CODE_SIGN_STYLE = Automatic;
				CURRENT_PROJECT_VERSION = 1;
				DEVELOPMENT_ASSET_PATHS = "\"ImagetoExcel/Preview Content\"";
				DEVELOPMENT_TEAM = 3TH4J57XLT;
				ENABLE_PREVIEWS = YES;
				GENERATE_INFOPLIST_FILE = YES;
				INFOPLIST_KEY_UIApplicationSceneManifest_Generation = YES;
				INFOPLIST_KEY_UIApplicationSupportsIndirectInputEvents = YES;
				INFOPLIST_KEY_UILaunchScreen_Generation = YES;
				INFOPLIST_KEY_UISupportedInterfaceOrientations_iPad = "UIInterfaceOrientationPortrait UIInterfaceOrientationPortraitUpsideDown UIInterfaceOrientationLandscapeLeft UIInterfaceOrientationLandscapeRight";
				INFOPLIST_KEY_UISupportedInterfaceOrientations_iPhone = "UIInterfaceOrientationPortrait UIInterfaceOrientationLandscapeLeft UIInterfaceOrientationLandscapeRight";
				LD_RUNPATH_SEARCH_PATHS = (
					"$(inherited)",
					"@executable_path/Frameworks",
				);
				MARKETING_VERSION = 1.0;
				PRODUCT_BUNDLE_IDENTIFIER = nice.ImagetoExcel;
				PRODUCT_NAME = "$(TARGET_NAME)";
				SWIFT_EMIT_LOC_STRINGS = YES;
				SWIFT_VERSION = 5.0;
				TARGETED_DEVICE_FAMILY = "1,2";
			};
			name = Release;
		};
		25E376102C34694300405436 /* Debug */ = {
			isa = XCBuildConfiguration;
			buildSettings = {
				ALWAYS_EMBED_SWIFT_STANDARD_LIBRARIES = YES;
				BUNDLE_LOADER = "$(TEST_HOST)";
				CODE_SIGN_STYLE = Automatic;
				CURRENT_PROJECT_VERSION = 1;
				DEVELOPMENT_TEAM = 3TH4J57XLT;
				GENERATE_INFOPLIST_FILE = YES;
				IPHONEOS_DEPLOYMENT_TARGET = 17.5;
				MARKETING_VERSION = 1.0;
				PRODUCT_BUNDLE_IDENTIFIER = nice.ImagetoExcelTests;
				PRODUCT_NAME = "$(TARGET_NAME)";
				SWIFT_EMIT_LOC_STRINGS = NO;
				SWIFT_VERSION = 5.0;
				TARGETED_DEVICE_FAMILY = "1,2";
				TEST_HOST = "$(BUILT_PRODUCTS_DIR)/ImagetoExcel.app/$(BUNDLE_EXECUTABLE_FOLDER_PATH)/ImagetoExcel";
			};
			name = Debug;
		};
		25E376112C34694300405436 /* Release */ = {
			isa = XCBuildConfiguration;
			buildSettings = {
				ALWAYS_EMBED_SWIFT_STANDARD_LIBRARIES = YES;
				BUNDLE_LOADER = "$(TEST_HOST)";
				CODE_SIGN_STYLE = Automatic;
				CURRENT_PROJECT_VERSION = 1;
				DEVELOPMENT_TEAM = 3TH4J57XLT;
				GENERATE_INFOPLIST_FILE = YES;
				IPHONEOS_DEPLOYMENT_TARGET = 17.5;
				MARKETING_VERSION = 1.0;
				PRODUCT_BUNDLE_IDENTIFIER = nice.ImagetoExcelTests;
				PRODUCT_NAME = "$(TARGET_NAME)";
				SWIFT_EMIT_LOC_STRINGS = NO;
				SWIFT_VERSION = 5.0;
				TARGETED_DEVICE_FAMILY = "1,2";
				TEST_HOST = "$(BUILT_PRODUCTS_DIR)/ImagetoExcel.app/$(BUNDLE_EXECUTABLE_FOLDER_PATH)/ImagetoExcel";
			};
			name = Release;
		};
		25E376132C34694300405436 /* Debug */ = {
			isa = XCBuildConfiguration;
			buildSettings = {
				ALWAYS_EMBED_SWIFT_STANDARD_LIBRARIES = YES;
				CODE_SIGN_STYLE = Automatic;
				CURRENT_PROJECT_VERSION = 1;
				DEVELOPMENT_TEAM = 3TH4J57XLT;
				GENERATE_INFOPLIST_FILE = YES;
				MARKETING_VERSION = 1.0;
				PRODUCT_BUNDLE_IDENTIFIER = nice.ImagetoExcelUITests;
				PRODUCT_NAME = "$(TARGET_NAME)";
				SWIFT_EMIT_LOC_STRINGS = NO;
				SWIFT_VERSION = 5.0;
				TARGETED_DEVICE_FAMILY = "1,2";
				TEST_TARGET_NAME = ImagetoExcel;
			};
			name = Debug;
		};
		25E376142C34694300405436 /* Release */ = {
			isa = XCBuildConfiguration;
			buildSettings = {
				ALWAYS_EMBED_SWIFT_STANDARD_LIBRARIES = YES;
				CODE_SIGN_STYLE = Automatic;
				CURRENT_PROJECT_VERSION = 1;
				DEVELOPMENT_TEAM = 3TH4J57XLT;
				GENERATE_INFOPLIST_FILE = YES;
				MARKETING_VERSION = 1.0;
				PRODUCT_BUNDLE_IDENTIFIER = nice.ImagetoExcelUITests;
				PRODUCT_NAME = "$(TARGET_NAME)";
				SWIFT_EMIT_LOC_STRINGS = NO;
				SWIFT_VERSION = 5.0;
				TARGETED_DEVICE_FAMILY = "1,2";
				TEST_TARGET_NAME = ImagetoExcel;
			};
			name = Release;
		};
/* End XCBuildConfiguration section */

/* Begin XCConfigurationList section */
		25E375E32C34694100405436 /* Build configuration list for PBXProject "ImagetoExcel" */ = {
			isa = XCConfigurationList;
			buildConfigurations = (
				25E3760A2C34694300405436 /* Debug */,
				25E3760B2C34694300405436 /* Release */,
			);
			defaultConfigurationIsVisible = 0;
			defaultConfigurationName = Release;
		};
		25E3760C2C34694300405436 /* Build configuration list for PBXNativeTarget "ImagetoExcel" */ = {
			isa = XCConfigurationList;
			buildConfigurations = (
				25E3760D2C34694300405436 /* Debug */,
				25E3760E2C34694300405436 /* Release */,
			);
			defaultConfigurationIsVisible = 0;
			defaultConfigurationName = Release;
		};
		25E3760F2C34694300405436 /* Build configuration list for PBXNativeTarget "ImagetoExcelTests" */ = {
			isa = XCConfigurationList;
			buildConfigurations = (
				25E376102C34694300405436 /* Debug */,
				25E376112C34694300405436 /* Release */,
			);
			defaultConfigurationIsVisible = 0;
			defaultConfigurationName = Release;
		};
		25E376122C34694300405436 /* Build configuration list for PBXNativeTarget "ImagetoExcelUITests" */ = {
			isa = XCConfigurationList;
			buildConfigurations = (
				25E376132C34694300405436 /* Debug */,
				25E376142C34694300405436 /* Release */,
			);
			defaultConfigurationIsVisible = 0;
			defaultConfigurationName = Release;
		};
/* End XCConfigurationList section */

/* Begin XCRemoteSwiftPackageReference section */
		25E376172C346B9A00405436 /* XCRemoteSwiftPackageReference "CoreXLSX" */ = {
			isa = XCRemoteSwiftPackageReference;
			repositoryURL = "https://github.com/CoreOffice/CoreXLSX";
			requirement = {
				kind = upToNextMajorVersion;
				minimumVersion = 0.14.2;
			};
		};
/* End XCRemoteSwiftPackageReference section */

/* Begin XCSwiftPackageProductDependency section */
		25E376182C346B9A00405436 /* CoreXLSX */ = {
			isa = XCSwiftPackageProductDependency;
			package = 25E376172C346B9A00405436 /* XCRemoteSwiftPackageReference "CoreXLSX" */;
			productName = CoreXLSX;
		};
/* End XCSwiftPackageProductDependency section */
	};
	rootObject = 25E375E02C34694100405436 /* Project object */;
}
